{
    "_readme": [
        "This file locks the dependencies of your project to a known state",
        "Read more about it at http://getcomposer.org/doc/01-basic-usage.md#composer-lock-the-lock-file"
    ],
    "hash": "82438d5cbe0973ce72a22f012db5ae49",
    "packages": [
        {
            "name": "asofter/yii2-imperavi-redactor",
            "version": "dev-master",
            "target-dir": "yii/imperavi",
            "source": {
                "type": "git",
                "url": "https://github.com/asofter/yii2-imperavi-redactor.git",
                "reference": "2be7910fefbec4cae3792f6547f394e27bd01bdf"
            },
            "dist": {
                "type": "zip",
                "url": "https://api.github.com/repos/asofter/yii2-imperavi-redactor/zipball/2be7910fefbec4cae3792f6547f394e27bd01bdf",
                "reference": "2be7910fefbec4cae3792f6547f394e27bd01bdf",
                "shasum": ""
            },
            "require": {
                "yiisoft/yii2": "*"
            },
            "type": "yii2-extension",
            "autoload": {
                "psr-0": {
                    "yii\\imperavi\\": ""
                }
            },
            "notification-url": "https://packagist.org/downloads/",
            "license": [
                "BSD-3-Clause"
            ],
            "authors": [
                {
                    "name": "Alexander Makarov",
                    "email": "sam@rmcreative.ru",
                    "homepage": "http://rmcreative.ru/",
                    "role": "Core framework development"
                },
                {
                    "name": "Veaceslav Medvedev",
                    "email": "slavcopost@gmail.com",
                    "role": "Founder and project lead"
                },
                {
                    "name": "Alexander Yaremchuk",
                    "email": "alwex10@gmail.com"
                }
            ],
            "description": "Imperavi Redactor WYSIWYG widget (OEM-licensed for Yii 2)",
            "keywords": [
                "imperavi",
                "imperavi redactor",
                "yii"
            ],
            "time": "2014-03-24 13:09:51"
        },
        {
            "name": "cebe/markdown",
            "version": "0.9.x-dev",
            "source": {
                "type": "git",
                "url": "https://github.com/cebe/markdown.git",
                "reference": "6a3c3737e9c1f4670f39a771f77b536126788ad2"
            },
            "dist": {
                "type": "zip",
                "url": "https://api.github.com/repos/cebe/markdown/zipball/6a3c3737e9c1f4670f39a771f77b536126788ad2",
                "reference": "6a3c3737e9c1f4670f39a771f77b536126788ad2",
                "shasum": ""
            },
            "require": {
                "lib-pcre": "*",
                "php": ">=5.4.0"
            },
            "require-dev": {
                "phpunit/phpunit": "3.7.*"
            },
            "bin": [
                "bin/markdown"
            ],
            "type": "library",
            "extra": {
                "branch-alias": {
                    "dev-master": "1.0.x-dev",
                    "dev-0.9.x-dev": "0.9.x-dev"
                }
            },
            "autoload": {
                "psr-4": {
                    "cebe\\markdown\\": ""
                }
            },
            "notification-url": "https://packagist.org/downloads/",
            "license": [
                "MIT"
            ],
            "authors": [
                {
                    "name": "Carsten Brandt",
                    "email": "mail@cebe.cc",
                    "homepage": "http://cebe.cc/",
                    "role": "Core framework development"
                }
            ],
            "description": "A super fast highly extensible markdown parser for PHP",
            "homepage": "https://github.com/cebe/markdown#readme",
            "keywords": [
                "extensible",
                "fast",
                "gfm",
                "markdown",
                "markdown-extra"
            ],
            "time": "2014-03-05 16:30:51"
        },
        {
            "name": "ezyang/htmlpurifier",
            "version": "v4.6.0",
            "source": {
                "type": "git",
                "url": "https://github.com/ezyang/htmlpurifier.git",
                "reference": "6f389f0f25b90d0b495308efcfa073981177f0fd"
            },
            "dist": {
                "type": "zip",
                "url": "https://api.github.com/repos/ezyang/htmlpurifier/zipball/6f389f0f25b90d0b495308efcfa073981177f0fd",
                "reference": "6f389f0f25b90d0b495308efcfa073981177f0fd",
                "shasum": ""
            },
            "require": {
                "php": ">=5.2"
            },
            "type": "library",
            "autoload": {
                "psr-0": {
                    "HTMLPurifier": "library/"
                },
                "files": [
                    "library/HTMLPurifier.composer.php"
                ]
            },
            "notification-url": "https://packagist.org/downloads/",
            "license": [
                "LGPL"
            ],
            "authors": [
                {
                    "name": "Edward Z. Yang",
                    "email": "admin@htmlpurifier.org",
                    "homepage": "http://ezyang.com",
                    "role": "Developer"
                }
            ],
            "description": "Standards compliant HTML filter written in PHP",
            "homepage": "http://htmlpurifier.org/",
            "keywords": [
                "html"
            ],
            "time": "2013-11-30 08:25:19"
        },
        {
            "name": "ijackua/yii2-lepture-markdown-editor-widget",
            "version": "dev-master",
            "source": {
                "type": "git",
                "url": "https://github.com/iJackUA/yii2-lepture-markdown-editor-widget.git",
                "reference": "c270e33f6df4b50ab493ee14fb40403e024fb522"
            },
            "dist": {
                "type": "zip",
                "url": "https://api.github.com/repos/iJackUA/yii2-lepture-markdown-editor-widget/zipball/c270e33f6df4b50ab493ee14fb40403e024fb522",
                "reference": "c270e33f6df4b50ab493ee14fb40403e024fb522",
                "shasum": ""
            },
            "require": {
                "yiisoft/yii2": "*"
            },
            "type": "yii2-extension",
            "autoload": {
                "psr-4": {
                    "ijackua\\lepture\\": ""
                }
            },
            "notification-url": "https://packagist.org/downloads/",
            "license": [
                "MIT"
            ],
            "authors": [
                {
                    "name": "Evgeniy Kuzminov",
                    "email": "kyzminov@gmail.com",
                    "homepage": "http://stdout.in",
                    "role": "Author"
                }
            ],
            "description": "Yii2 widget for Lepture Markdown Editor (https://github.com/lepture/editor) - A markdown editor you really want",
            "homepage": "https://github.com/iJackUA/yii2-lepture-markdown-editor-widget",
            "keywords": [
                "editor",
                "extension",
                "lepture",
                "markdown",
                "widget",
                "yii"
            ],
            "time": "2014-03-29 19:06:57"
        },
        {
            "name": "imagine/imagine",
            "version": "v0.5.0",
            "source": {
                "type": "git",
                "url": "https://github.com/avalanche123/Imagine.git",
                "reference": "f64ec666baaa800edcbf237db41121a569230709"
            },
            "dist": {
                "type": "zip",
                "url": "https://api.github.com/repos/avalanche123/Imagine/zipball/f64ec666baaa800edcbf237db41121a569230709",
                "reference": "f64ec666baaa800edcbf237db41121a569230709",
                "shasum": ""
            },
            "require": {
                "php": ">=5.3.2"
            },
            "require-dev": {
                "sami/sami": "dev-master"
            },
            "suggest": {
                "ext-gd": "to use the GD implementation",
                "ext-gmagick": "to use the Gmagick implementation",
                "ext-imagick": "to use the Imagick implementation"
            },
            "type": "library",
            "autoload": {
                "psr-0": {
                    "Imagine": "lib/"
                }
            },
            "notification-url": "https://packagist.org/downloads/",
            "license": [
                "MIT"
            ],
            "authors": [
                {
                    "name": "Bulat Shakirzyanov",
                    "email": "mallluhuct@gmail.com",
                    "homepage": "http://avalanche123.com"
                }
            ],
            "description": "Image processing for PHP 5.3",
            "homepage": "http://imagine.readthedocs.org/",
            "keywords": [
                "drawing",
                "graphics",
                "image manipulation",
                "image processing"
            ],
            "time": "2013-07-10 17:25:36"
        },
        {
            "name": "kartik-v/bootstrap-fileinput",
            "version": "dev-master",
            "source": {
                "type": "git",
                "url": "https://github.com/kartik-v/bootstrap-fileinput.git",
                "reference": "5db03b87c380b99cc2381d8ad872ca1bbbf505f8"
            },
            "dist": {
                "type": "zip",
                "url": "https://api.github.com/repos/kartik-v/bootstrap-fileinput/zipball/5db03b87c380b99cc2381d8ad872ca1bbbf505f8",
                "reference": "5db03b87c380b99cc2381d8ad872ca1bbbf505f8",
                "shasum": ""
            },
            "type": "library",
            "autoload": {
                "psr-4": {
                    "kartik\\": ""
                }
            },
            "notification-url": "https://packagist.org/downloads/",
            "license": [
                "BSD 3-Clause"
            ],
            "authors": [
                {
                    "name": "Kartik Visweswaran",
                    "email": "kartikv2@gmail.com",
                    "homepage": "http://www.krajee.com/"
                }
            ],
            "description": "An enhanced HTML 5 file input for Bootstrap 3.x with file preview, multiple selection, and more features.",
            "homepage": "https://github.com/kartik-v/bootstrap-fileinput",
            "keywords": [
                "bootstrap",
                "file",
                "image",
                "input",
                "jquery",
                "preview",
                "upload"
            ],
            "time": "2014-04-05 10:53:57"
        },
        {
            "name": "kartik-v/bootstrap-star-rating",
            "version": "dev-master",
            "source": {
                "type": "git",
                "url": "https://github.com/kartik-v/bootstrap-star-rating.git",
                "reference": "228e505029c4e85298a0b17c5ab5f08dc502b64a"
            },
            "dist": {
                "type": "zip",
                "url": "https://api.github.com/repos/kartik-v/bootstrap-star-rating/zipball/228e505029c4e85298a0b17c5ab5f08dc502b64a",
                "reference": "228e505029c4e85298a0b17c5ab5f08dc502b64a",
                "shasum": ""
            },
            "type": "library",
            "autoload": {
                "psr-4": {
                    "kartik\\": ""
                }
            },
            "notification-url": "https://packagist.org/downloads/",
            "license": [
                "BSD 3-Clause"
            ],
            "authors": [
                {
                    "name": "Kartik Visweswaran",
                    "email": "kartikv2@gmail.com",
                    "homepage": "http://www.krajee.com/"
                }
            ],
            "description": "A simple yet powerful JQuery star rating plugin for Bootstrap.",
            "homepage": "https://github.com/kartik-v/bootstrap-star-rating",
            "keywords": [
                "Rating",
                "bootstrap",
                "jquery",
                "star"
            ],
            "time": "2014-04-05 10:50:03"
        },
        {
            "name": "kartik-v/yii2-markdown",
            "version": "dev-master",
            "source": {
                "type": "git",
                "url": "https://github.com/kartik-v/yii2-markdown.git",
                "reference": "d6ea59d854f12d02ea91b8ea838ffa4bf6d9a2bb"
            },
            "dist": {
                "type": "zip",
                "url": "https://api.github.com/repos/kartik-v/yii2-markdown/zipball/d6ea59d854f12d02ea91b8ea838ffa4bf6d9a2bb",
                "reference": "d6ea59d854f12d02ea91b8ea838ffa4bf6d9a2bb",
                "shasum": ""
            },
            "require": {
                "kartik-v/yii2-widgets": "*",
                "michelf/php-markdown": "*",
                "michelf/php-smartypants": "*",
                "yiisoft/yii2": "*",
                "yiisoft/yii2-bootstrap": "*"
            },
            "type": "yii2-extension",
            "autoload": {
                "psr-4": {
                    "kartik\\": ""
                }
            },
            "notification-url": "https://packagist.org/downloads/",
            "license": [
                "BSD 3-Clause"
            ],
            "authors": [
                {
                    "name": "Kartik Visweswaran",
                    "email": "kartikv2@gmail.com",
                    "homepage": "http://www.krajee.com/"
                }
            ],
            "description": "Advanced Markdown editing and conversion utilities for Yii Framework 2.0",
            "homepage": "https://github.com/kartik-v/yii2-markdown",
            "keywords": [
                "bootstrap",
                "converter",
                "editor",
                "extension",
                "form",
                "input",
                "jquery",
                "markdown",
                "yii",
                "yii2"
            ],
            "time": "2014-04-19 15:15:48"
        },
        {
            "name": "kartik-v/yii2-widgets",
            "version": "dev-master",
            "source": {
                "type": "git",
                "url": "https://github.com/kartik-v/yii2-widgets.git",
                "reference": "fc792e8f4b27bab13146ee5819af2d27cff8d8d3"
            },
            "dist": {
                "type": "zip",
                "url": "https://api.github.com/repos/kartik-v/yii2-widgets/zipball/fc792e8f4b27bab13146ee5819af2d27cff8d8d3",
                "reference": "fc792e8f4b27bab13146ee5819af2d27cff8d8d3",
                "shasum": ""
            },
            "require": {
                "kartik-v/bootstrap-fileinput": "*",
                "kartik-v/bootstrap-star-rating": "*",
                "yiisoft/yii2": "*",
                "yiisoft/yii2-bootstrap": "*"
            },
            "type": "yii2-extension",
            "autoload": {
                "psr-4": {
                    "kartik\\": ""
                }
            },
            "notification-url": "https://packagist.org/downloads/",
            "license": [
                "BSD 3-Clause"
            ],
            "authors": [
                {
                    "name": "Kartik Visweswaran",
                    "email": "kartikv2@gmail.com",
                    "homepage": "http://www.krajee.com/"
                }
            ],
            "description": "Collection of useful widgets for Yii Framework 2.0 extending functionalities for Bootstrap",
            "homepage": "https://github.com/kartik-v/yii2-widgets",
            "keywords": [
                "extension",
                "form",
                "widget",
                "yii2"
            ],
            "time": "2014-04-23 05:22:56"
        },
        {
            "name": "michelf/php-markdown",
            "version": "dev-lib",
            "source": {
                "type": "git",
                "url": "https://github.com/michelf/php-markdown.git",
                "reference": "6f952ee180e9bd345f3dd6005aa11e0f5dcbd1b8"
            },
            "dist": {
                "type": "zip",
                "url": "https://api.github.com/repos/michelf/php-markdown/zipball/6f952ee180e9bd345f3dd6005aa11e0f5dcbd1b8",
                "reference": "6f952ee180e9bd345f3dd6005aa11e0f5dcbd1b8",
                "shasum": ""
            },
            "require": {
                "php": ">=5.3.0"
            },
            "type": "library",
            "extra": {
                "branch-alias": {
                    "dev-lib": "1.4.x-dev"
                }
            },
            "autoload": {
                "psr-0": {
                    "Michelf": ""
                }
            },
            "notification-url": "https://packagist.org/downloads/",
            "license": [
                "BSD-3-Clause"
            ],
            "authors": [
                {
                    "name": "Michel Fortin",
                    "email": "michel.fortin@michelf.ca",
                    "homepage": "http://michelf.ca/",
                    "role": "Developer"
                },
                {
                    "name": "John Gruber",
                    "homepage": "http://daringfireball.net/"
                }
            ],
            "description": "PHP Markdown",
            "homepage": "http://michelf.ca/projects/php-markdown/",
            "keywords": [
                "markdown"
            ],
            "time": "2013-11-29 21:49:31"
        },
        {
            "name": "michelf/php-smartypants",
            "version": "dev-lib",
            "source": {
                "type": "git",
                "url": "https://github.com/michelf/php-smartypants.git",
                "reference": "e4a873d4a4e0f3dd6fbf5b9e017362f174eb28df"
            },
            "dist": {
                "type": "zip",
                "url": "https://api.github.com/repos/michelf/php-smartypants/zipball/e4a873d4a4e0f3dd6fbf5b9e017362f174eb28df",
                "reference": "e4a873d4a4e0f3dd6fbf5b9e017362f174eb28df",
                "shasum": ""
            },
            "require": {
                "php": ">=5.3.0"
            },
            "type": "library",
            "extra": {
                "branch-alias": {
                    "dev-lib": "1.6.x-dev"
                }
            },
            "autoload": {
                "psr-0": {
                    "Michelf": ""
                }
            },
            "notification-url": "https://packagist.org/downloads/",
            "license": [
                "BSD-3-Clause"
            ],
            "authors": [
                {
                    "name": "Michel Fortin",
                    "email": "michel.fortin@michelf.ca",
                    "homepage": "http://michelf.ca/",
                    "role": "Developer"
                },
                {
                    "name": "John Gruber",
                    "homepage": "http://daringfireball.net/"
                }
            ],
            "description": "PHP SmartyPants",
            "homepage": "http://michelf.ca/projects/php-smartypants/",
            "keywords": [
                "dashes",
                "quotes",
                "spaces",
                "typographer",
                "typography"
            ],
            "time": "2013-08-02 10:48:47"
        },
        {
            "name": "perminder-klair/kato-core",
            "version": "dev-master",
            "source": {
                "type": "git",
                "url": "https://github.com/perminder-klair/kato-core.git",
                "reference": "e8ca25639335c8ee08ab966de2a3aaeb299c26fa"
            },
            "dist": {
                "type": "zip",
                "url": "https://api.github.com/repos/perminder-klair/kato-core/zipball/e8ca25639335c8ee08ab966de2a3aaeb299c26fa",
                "reference": "e8ca25639335c8ee08ab966de2a3aaeb299c26fa",
                "shasum": ""
            },
            "require": {
                "yiisoft/yii2": "dev-master"
            },
            "type": "yii2-extension",
            "autoload": {
                "psr-4": {
                    "kato\\": ""
                }
            },
            "notification-url": "https://packagist.org/downloads/",
            "license": [
                "The MIT License"
            ],
            "authors": [
                {
                    "name": "Parminder Klair",
                    "email": "perminder.klair@gmail.com",
                    "homepage": "http://www.webonise.co.uk/"
                }
            ],
            "description": "Kato Core for Kato CMS",
            "homepage": "https://github.com/perminder-klair/kato-core",
            "keywords": [
                "cms",
                "kato",
                "yii2"
            ],
            "time": "2014-04-25 05:51:23"
        },
        {
            "name": "perminder-klair/yii2-dropzone",
            "version": "dev-master",
            "source": {
                "type": "git",
                "url": "https://github.com/perminder-klair/yii2-dropzone.git",
                "reference": "54c10f866db957045d80ed81959f0ec1d47a3f05"
            },
            "dist": {
                "type": "zip",
                "url": "https://api.github.com/repos/perminder-klair/yii2-dropzone/zipball/54c10f866db957045d80ed81959f0ec1d47a3f05",
                "reference": "54c10f866db957045d80ed81959f0ec1d47a3f05",
                "shasum": ""
            },
            "type": "yii2-extension",
            "autoload": {
                "psr-4": {
                    "kato\\": ""
                }
            },
            "notification-url": "https://packagist.org/downloads/",
            "license": [
                "MIT"
            ],
            "authors": [
                {
                    "name": "Parminder Klair",
                    "email": "perminder.klair@gmail.com",
                    "homepage": "http://www.webonise.co.uk/"
                }
            ],
            "description": "DropzoneJs Extention for Yii2",
            "keywords": [
                "dropzone",
                "extension",
                "upload",
                "yii2"
            ],
            "time": "2014-03-27 14:11:41"
        },
        {
            "name": "perminder-klair/yii2-sir-trevor-js",
            "version": "dev-master",
            "source": {
                "type": "git",
                "url": "https://github.com/perminder-klair/yii2-sir-trevor-js.git",
                "reference": "1c0c3f8ccfcc1f5323871a3b14fd28157b90599d"
            },
            "dist": {
                "type": "zip",
                "url": "https://api.github.com/repos/perminder-klair/yii2-sir-trevor-js/zipball/1c0c3f8ccfcc1f5323871a3b14fd28157b90599d",
                "reference": "1c0c3f8ccfcc1f5323871a3b14fd28157b90599d",
                "shasum": ""
            },
            "type": "yii2-extension",
            "autoload": {
                "psr-4": {
                    "kato\\sirtrevorjs\\": ""
                }
            },
            "notification-url": "https://packagist.org/downloads/",
            "license": [
                "MIT"
            ],
            "authors": [
                {
                    "name": "Parminder Klair",
                    "email": "perminder.klair@gmail.com",
                    "homepage": "http://www.webonise.co.uk/"
                }
            ],
            "description": "Sir Trevor Editor for Yii2",
            "keywords": [
                "extension",
                "sir-trevor-js",
                "yii2"
            ],
            "time": "2014-03-27 23:36:46"
        },
        {
            "name": "swiftmailer/swiftmailer",
            "version": "dev-master",
            "source": {
                "type": "git",
                "url": "https://github.com/swiftmailer/swiftmailer.git",
                "reference": "19a15a44b21d13f6c19beefc8e4b6c849558ec50"
            },
            "dist": {
                "type": "zip",
                "url": "https://api.github.com/repos/swiftmailer/swiftmailer/zipball/19a15a44b21d13f6c19beefc8e4b6c849558ec50",
                "reference": "19a15a44b21d13f6c19beefc8e4b6c849558ec50",
                "shasum": ""
            },
            "require": {
                "php": ">=5.2.4"
            },
            "require-dev": {
                "mockery/mockery": "~0.9@dev"
            },
            "type": "library",
            "extra": {
                "branch-alias": {
                    "dev-master": "5.2-dev"
                }
            },
            "autoload": {
                "files": [
                    "lib/swift_required.php"
                ]
            },
            "notification-url": "https://packagist.org/downloads/",
            "license": [
                "MIT"
            ],
            "authors": [
                {
                    "name": "Fabien Potencier",
                    "email": "fabien@symfony.com",
                    "homepage": "http://fabien.potencier.org",
                    "role": "Lead Developer"
                },
                {
                    "name": "Chris Corbyn"
                }
            ],
            "description": "Swiftmailer, free feature-rich PHP mailer",
            "homepage": "http://swiftmailer.org",
            "keywords": [
                "mail",
                "mailer"
            ],
            "time": "2014-04-22 07:28:24"
        },
        {
            "name": "twbs/bootstrap",
            "version": "dev-master",
            "source": {
                "type": "git",
                "url": "https://github.com/twbs/bootstrap.git",
                "reference": "e0d1e406d361ac0ed8b9df60f52e14d39fceb084"
            },
            "dist": {
                "type": "zip",
                "url": "https://api.github.com/repos/twbs/bootstrap/zipball/e0d1e406d361ac0ed8b9df60f52e14d39fceb084",
                "reference": "e0d1e406d361ac0ed8b9df60f52e14d39fceb084",
                "shasum": ""
            },
            "type": "library",
            "extra": {
                "branch-alias": {
                    "dev-master": "3.1.x-dev"
                }
            },
            "notification-url": "https://packagist.org/downloads/",
            "license": [
                "MIT"
            ],
            "authors": [
                {
                    "name": "Jacob Thornton",
                    "email": "jacobthornton@gmail.com"
                },
                {
                    "name": "Mark Otto",
                    "email": "markdotto@gmail.com"
                }
            ],
            "description": "The most popular front-end framework for developing responsive, mobile first projects on the web.",
            "homepage": "http://getbootstrap.com",
            "keywords": [
                "JS",
                "css",
                "framework",
                "front-end",
                "less",
                "mobile-first",
                "responsive",
                "web"
            ],
            "time": "2014-04-25 02:16:09"
        },
        {
            "name": "yiisoft/jquery",
            "version": "2.1.0",
            "source": {
                "type": "git",
                "url": "https://github.com/yiisoft/jquery.git",
                "reference": "a585ca4d6a2a129897a95575d229496a3486390b"
            },
            "dist": {
                "type": "zip",
                "url": "https://api.github.com/repos/yiisoft/jquery/zipball/a585ca4d6a2a129897a95575d229496a3486390b",
                "reference": "a585ca4d6a2a129897a95575d229496a3486390b",
                "shasum": ""
            },
            "type": "library",
            "notification-url": "https://packagist.org/downloads/",
            "license": [
                "MIT"
            ],
            "description": "jQuery JavaScript Library",
            "homepage": "http://jquery.com",
            "time": "2014-01-24 06:00:08"
        },
        {
            "name": "yiisoft/jquery-pjax",
            "version": "dev-master",
            "source": {
                "type": "git",
                "url": "https://github.com/yiisoft/jquery-pjax.git",
                "reference": "520f8c12b5a417e21d2cd0df499fa2a4e4e9a9d6"
            },
            "dist": {
                "type": "zip",
                "url": "https://api.github.com/repos/yiisoft/jquery-pjax/zipball/520f8c12b5a417e21d2cd0df499fa2a4e4e9a9d6",
                "reference": "520f8c12b5a417e21d2cd0df499fa2a4e4e9a9d6",
                "shasum": ""
            },
            "require": {
                "yiisoft/jquery": ">=1.8"
            },
            "type": "library",
            "notification-url": "https://packagist.org/downloads/",
            "license": [
                "MIT"
            ],
            "description": "pushState + ajax = pjax, a forked maintainted by the Yii Framework core developers",
            "homepage": "https://github.com/yiisoft/jquery-pjax#readme",
            "time": "2014-03-20 17:20:33"
        },
        {
            "name": "yiisoft/yii2",
            "version": "dev-master",
            "source": {
                "type": "git",
                "url": "https://github.com/yiisoft/yii2-framework.git",
                "reference": "4caf106a9b06bfde42c8036d343f4f2beaf3a926"
            },
            "dist": {
                "type": "zip",
                "url": "https://api.github.com/repos/yiisoft/yii2-framework/zipball/4caf106a9b06bfde42c8036d343f4f2beaf3a926",
                "reference": "4caf106a9b06bfde42c8036d343f4f2beaf3a926",
                "shasum": ""
            },
            "require": {
                "cebe/markdown": "0.9.*",
                "ext-mbstring": "*",
                "ezyang/htmlpurifier": "4.6.*",
                "lib-pcre": "*",
                "php": ">=5.4.0",
                "yiisoft/jquery": "~2.0 | ~1.10",
                "yiisoft/jquery-pjax": "*",
                "yiisoft/yii2-composer": "*"
            },
            "type": "library",
            "autoload": {
                "psr-4": {
                    "yii\\": ""
                }
            },
            "notification-url": "https://packagist.org/downloads/",
            "license": [
                "BSD-3-Clause"
            ],
            "authors": [
                {
                    "name": "Qiang Xue",
                    "email": "qiang.xue@gmail.com",
                    "homepage": "http://www.yiiframework.com/",
                    "role": "Founder and project lead"
                },
                {
                    "name": "Alexander Makarov",
                    "email": "sam@rmcreative.ru",
                    "homepage": "http://rmcreative.ru/",
                    "role": "Core framework development"
                },
                {
                    "name": "Maurizio Domba",
                    "homepage": "http://mdomba.info/",
                    "role": "Core framework development"
                },
                {
                    "name": "Carsten Brandt",
                    "email": "mail@cebe.cc",
                    "homepage": "http://cebe.cc/",
                    "role": "Core framework development"
                },
                {
                    "name": "Timur Ruziev",
                    "email": "resurtm@gmail.com",
                    "homepage": "http://resurtm.com/",
                    "role": "Core framework development"
                },
                {
                    "name": "Paul Klimov",
                    "email": "klimov.paul@gmail.com",
                    "role": "Core framework development"
                }
            ],
            "description": "Yii PHP Framework Version 2",
            "homepage": "http://www.yiiframework.com/",
            "keywords": [
                "framework",
                "yii2"
            ],
            "time": "2014-04-25 02:06:07"
        },
        {
            "name": "yiisoft/yii2-bootstrap",
            "version": "dev-master",
            "source": {
                "type": "git",
                "url": "https://github.com/yiisoft/yii2-bootstrap.git",
                "reference": "20d4429fddf89c8d3b4cee6ea05d912908f9de89"
            },
            "dist": {
                "type": "zip",
                "url": "https://api.github.com/repos/yiisoft/yii2-bootstrap/zipball/20d4429fddf89c8d3b4cee6ea05d912908f9de89",
                "reference": "20d4429fddf89c8d3b4cee6ea05d912908f9de89",
                "shasum": ""
            },
            "require": {
                "twbs/bootstrap": "3.1.* | 3.0.*",
                "yiisoft/yii2": "*"
            },
            "type": "yii2-extension",
            "autoload": {
                "psr-4": {
                    "yii\\bootstrap\\": ""
                }
            },
            "notification-url": "https://packagist.org/downloads/",
            "license": [
                "BSD-3-Clause"
            ],
            "authors": [
                {
                    "name": "Qiang Xue",
                    "email": "qiang.xue@gmail.com",
                    "homepage": "http://www.yiiframework.com/",
                    "role": "Founder and project lead"
                }
            ],
            "description": "The Twitter Bootstrap extension for the Yii framework",
            "keywords": [
                "bootstrap",
                "yii2"
            ],
            "time": "2014-04-23 01:25:11"
        },
        {
            "name": "yiisoft/yii2-composer",
            "version": "dev-master",
            "source": {
                "type": "git",
                "url": "https://github.com/yiisoft/yii2-composer.git",
                "reference": "10e617fde96144cf9be45b4a96ff5e4c1a141e16"
            },
            "dist": {
                "type": "zip",
                "url": "https://api.github.com/repos/yiisoft/yii2-composer/zipball/10e617fde96144cf9be45b4a96ff5e4c1a141e16",
                "reference": "10e617fde96144cf9be45b4a96ff5e4c1a141e16",
                "shasum": ""
            },
            "require": {
                "composer-plugin-api": "1.0.0"
            },
            "type": "composer-plugin",
            "extra": {
                "class": "yii\\composer\\Plugin"
            },
            "autoload": {
                "psr-4": {
                    "yii\\composer\\": ""
                }
            },
            "notification-url": "https://packagist.org/downloads/",
            "license": [
                "BSD-3-Clause"
            ],
            "authors": [
                {
                    "name": "Qiang Xue",
                    "email": "qiang.xue@gmail.com",
                    "homepage": "http://www.yiiframework.com/",
                    "role": "Founder and project lead"
                }
            ],
            "description": "The composer plugin for Yii extension installer",
            "keywords": [
                "composer",
                "extension installer",
                "yii2"
            ],
            "time": "2014-04-23 01:25:11"
        },
        {
            "name": "yiisoft/yii2-imagine",
            "version": "dev-master",
            "source": {
                "type": "git",
                "url": "https://github.com/yiisoft/yii2-imagine.git",
                "reference": "a1d98fa8fc0a0eec1365bafd4aa8228ebcf10bbf"
            },
            "dist": {
                "type": "zip",
                "url": "https://api.github.com/repos/yiisoft/yii2-imagine/zipball/a1d98fa8fc0a0eec1365bafd4aa8228ebcf10bbf",
                "reference": "a1d98fa8fc0a0eec1365bafd4aa8228ebcf10bbf",
                "shasum": ""
            },
            "require": {
                "imagine/imagine": "v0.5.0",
                "yiisoft/yii2": "*"
            },
            "type": "yii2-extension",
            "autoload": {
                "psr-4": {
                    "yii\\imagine\\": ""
                }
            },
            "notification-url": "https://packagist.org/downloads/",
            "license": [
                "BSD-3-Clause"
            ],
            "authors": [
                {
                    "name": "Antonio Ramirez",
                    "email": "amigo.cobos@gmail.com",
                    "homepage": "http://www.ramirezcobos.com",
                    "role": "Founder and development"
                }
            ],
            "description": "The Imagine integration for the Yii framework",
            "keywords": [
                "helper",
                "image",
                "imagine",
                "yii2"
            ],
            "time": "2014-04-23 01:25:11"
        },
        {
            "name": "yiisoft/yii2-swiftmailer",
            "version": "dev-master",
            "source": {
                "type": "git",
                "url": "https://github.com/yiisoft/yii2-swiftmailer.git",
                "reference": "ca6cfbd4c51f81269b97b6bf068bf35c22f2a6de"
            },
            "dist": {
                "type": "zip",
                "url": "https://api.github.com/repos/yiisoft/yii2-swiftmailer/zipball/ca6cfbd4c51f81269b97b6bf068bf35c22f2a6de",
                "reference": "ca6cfbd4c51f81269b97b6bf068bf35c22f2a6de",
                "shasum": ""
            },
            "require": {
                "swiftmailer/swiftmailer": "*",
                "yiisoft/yii2": "*"
            },
            "type": "yii2-extension",
            "autoload": {
                "psr-4": {
                    "yii\\swiftmailer\\": ""
                }
            },
            "notification-url": "https://packagist.org/downloads/",
            "license": [
                "BSD-3-Clause"
            ],
            "authors": [
                {
                    "name": "Paul Klimov",
                    "email": "klimov.paul@gmail.com",
                    "role": "Core framework development"
                }
            ],
            "description": "The SwiftMailer integration for the Yii framework",
            "keywords": [
                "email",
                "mail",
                "mailer",
                "swift",
                "swiftmailer",
                "yii2"
            ],
            "time": "2014-04-23 01:25:11"
        }
    ],
    "packages-dev": [
        {
            "name": "phpspec/php-diff",
            "version": "dev-master",
            "source": {
                "type": "git",
                "url": "https://github.com/phpspec/php-diff.git",
                "reference": "30e103d19519fe678ae64a60d77884ef3d71b28a"
            },
            "dist": {
                "type": "zip",
                "url": "https://api.github.com/repos/phpspec/php-diff/zipball/30e103d19519fe678ae64a60d77884ef3d71b28a",
                "reference": "30e103d19519fe678ae64a60d77884ef3d71b28a",
                "shasum": ""
            },
            "type": "library",
            "autoload": {
                "psr-0": {
                    "Diff": "lib/"
                }
            },
            "notification-url": "https://packagist.org/downloads/",
            "license": [
                "BSD-3-Clause"
            ],
            "authors": [
                {
                    "name": "Chris Boulton",
                    "homepage": "http://github.com/chrisboulton"
                }
            ],
            "description": "A comprehensive library for generating differences between two hashable objects (strings or arrays).",
            "time": "2013-11-01 13:02:21"
        },
        {
            "name": "yiisoft/yii2-codeception",
            "version": "dev-master",
            "source": {
                "type": "git",
                "url": "https://github.com/yiisoft/yii2-codeception.git",
                "reference": "979101cf3d1e5446e7a4f09eb0d813d24eb0e860"
            },
            "dist": {
                "type": "zip",
                "url": "https://api.github.com/repos/yiisoft/yii2-codeception/zipball/979101cf3d1e5446e7a4f09eb0d813d24eb0e860",
                "reference": "979101cf3d1e5446e7a4f09eb0d813d24eb0e860",
                "shasum": ""
            },
            "require": {
                "yiisoft/yii2": "*"
            },
            "type": "yii2-extension",
            "autoload": {
                "psr-4": {
                    "yii\\codeception\\": ""
                }
            },
            "notification-url": "https://packagist.org/downloads/",
            "license": [
                "BSD-3-Clause"
            ],
            "authors": [
                {
                    "name": "Mark Jebri",
                    "email": "mark.github@yandex.ru"
                }
            ],
            "description": "The Codeception integration for the Yii framework",
            "keywords": [
                "codeception",
                "yii2"
            ],
            "time": "2014-04-23 01:25:11"
        },
        {
            "name": "yiisoft/yii2-debug",
            "version": "dev-master",
            "source": {
                "type": "git",
                "url": "https://github.com/yiisoft/yii2-debug.git",
                "reference": "29c647914b3f2d55a6a754c1ee3310248650080c"
            },
            "dist": {
                "type": "zip",
                "url": "https://api.github.com/repos/yiisoft/yii2-debug/zipball/29c647914b3f2d55a6a754c1ee3310248650080c",
                "reference": "29c647914b3f2d55a6a754c1ee3310248650080c",
                "shasum": ""
            },
            "require": {
                "yiisoft/yii2": "*",
                "yiisoft/yii2-bootstrap": "*"
            },
            "type": "yii2-extension",
            "autoload": {
                "psr-4": {
                    "yii\\debug\\": ""
                }
            },
            "notification-url": "https://packagist.org/downloads/",
            "license": [
                "BSD-3-Clause"
            ],
            "authors": [
                {
                    "name": "Qiang Xue",
                    "email": "qiang.xue@gmail.com",
                    "homepage": "http://www.yiiframework.com/",
                    "role": "Founder and project lead"
                }
            ],
            "description": "The debugger extension for the Yii framework",
            "keywords": [
                "debug",
                "debugger",
                "yii2"
            ],
            "time": "2014-04-23 01:25:11"
        },
        {
            "name": "yiisoft/yii2-gii",
            "version": "dev-master",
            "source": {
                "type": "git",
                "url": "https://github.com/yiisoft/yii2-gii.git",
                "reference": "2a9f4b49d847cc7f09fcfcc0043be1cd4649f544"
            },
            "dist": {
                "type": "zip",
                "url": "https://api.github.com/repos/yiisoft/yii2-gii/zipball/2a9f4b49d847cc7f09fcfcc0043be1cd4649f544",
                "reference": "2a9f4b49d847cc7f09fcfcc0043be1cd4649f544",
                "shasum": ""
            },
            "require": {
                "phpspec/php-diff": ">=1.0.2",
                "yiisoft/yii2": "*",
                "yiisoft/yii2-bootstrap": "*"
            },
            "type": "yii2-extension",
            "autoload": {
                "psr-4": {
                    "yii\\gii\\": ""
                }
            },
            "notification-url": "https://packagist.org/downloads/",
            "license": [
                "BSD-3-Clause"
            ],
            "authors": [
                {
                    "name": "Qiang Xue",
                    "email": "qiang.xue@gmail.com",
                    "homepage": "http://www.yiiframework.com/",
                    "role": "Founder and project lead"
                }
            ],
            "description": "The Gii extension for the Yii framework",
            "keywords": [
                "code generator",
                "gii",
                "yii2"
            ],
            "time": "2014-04-23 23:36:56"
        }
    ],
    "aliases": [

    ],
    "minimum-stability": "dev",
    "stability-flags": {
        "yiisoft/yii2": 20,
        "yiisoft/yii2-swiftmailer": 20,
        "yiisoft/yii2-bootstrap": 20,
        "perminder-klair/kato-core": 20,
        "perminder-klair/yii2-dropzone": 20,
        "kartik-v/yii2-widgets": 20,
        "kartik-v/yii2-markdown": 20,
        "perminder-klair/yii2-sir-trevor-js": 20,
        "ijackua/yii2-lepture-markdown-editor-widget": 20,
        "yiisoft/yii2-codeception": 20,
        "yiisoft/yii2-debug": 20,
        "yiisoft/yii2-gii": 20
    },
    "platform": {
        "php": ">=5.4.0"
    },
    "platform-dev": [

    ]
}
